// !$*UTF8*$!
{
	archiveVersion = 1;
	classes = {
	};
	objectVersion = 46;
	objects = {

/* Begin PBXBuildFile section */
		223CCA741D95F0DB00511627 /* SignInInfo.m in Sources */ = {isa = PBXBuildFile; fileRef = 223CCA731D95F0DB00511627 /* SignInInfo.m */; };
		223CCA771D95F4FC00511627 /* SignInViewModel.m in Sources */ = {isa = PBXBuildFile; fileRef = 223CCA761D95F4FC00511627 /* SignInViewModel.m */; };
		223CCA7D1D95FF6800511627 /* HomeViewController.m in Sources */ = {isa = PBXBuildFile; fileRef = 223CCA7C1D95FF6800511627 /* HomeViewController.m */; };
		223CCA801D96000D00511627 /* LocationInfo.m in Sources */ = {isa = PBXBuildFile; fileRef = 223CCA7F1D96000D00511627 /* LocationInfo.m */; };
		2281ECBD1D951CF7005FF871 /* main.m in Sources */ = {isa = PBXBuildFile; fileRef = 2281ECBC1D951CF7005FF871 /* main.m */; };
		2281ECC01D951CF7005FF871 /* AppDelegate.m in Sources */ = {isa = PBXBuildFile; fileRef = 2281ECBF1D951CF7005FF871 /* AppDelegate.m */; };
		2281ECC31D951CF7005FF871 /* SignInViewController.m in Sources */ = {isa = PBXBuildFile; fileRef = 2281ECC21D951CF7005FF871 /* SignInViewController.m */; };
		2281ECC61D951CF7005FF871 /* Main.storyboard in Resources */ = {isa = PBXBuildFile; fileRef = 2281ECC41D951CF7005FF871 /* Main.storyboard */; };
		2281ECC81D951CF7005FF871 /* Assets.xcassets in Resources */ = {isa = PBXBuildFile; fileRef = 2281ECC71D951CF7005FF871 /* Assets.xcassets */; };
		2281ECCB1D951CF7005FF871 /* LaunchScreen.storyboard in Resources */ = {isa = PBXBuildFile; fileRef = 2281ECC91D951CF7005FF871 /* LaunchScreen.storyboard */; };
		2281ECD61D951CF7005FF871 /* iCareTests.m in Sources */ = {isa = PBXBuildFile; fileRef = 2281ECD51D951CF7005FF871 /* iCareTests.m */; };
		2281ECE11D951CF7005FF871 /* iCareUITests.m in Sources */ = {isa = PBXBuildFile; fileRef = 2281ECE01D951CF7005FF871 /* iCareUITests.m */; };
		2281ECF51D953A5E005FF871 /* google-sign-in.png in Resources */ = {isa = PBXBuildFile; fileRef = 2281ECF41D953A5E005FF871 /* google-sign-in.png */; };
		2281ECF71D953B11005FF871 /* Solid_white.png in Resources */ = {isa = PBXBuildFile; fileRef = 2281ECF61D953B11005FF871 /* Solid_white.png */; };
		228250601D961CBF00FC02A0 /* ProblemsTableViewController.m in Sources */ = {isa = PBXBuildFile; fileRef = 2282505F1D961CBF00FC02A0 /* ProblemsTableViewController.m */; };
		228250691D96381B00FC02A0 /* ProblemTableViewCell.m in Sources */ = {isa = PBXBuildFile; fileRef = 228250681D96381B00FC02A0 /* ProblemTableViewCell.m */; };
		2282506C1D963D5800FC02A0 /* ProblemDetail.m in Sources */ = {isa = PBXBuildFile; fileRef = 2282506B1D963D5800FC02A0 /* ProblemDetail.m */; };
		2282506F1D96414700FC02A0 /* ProblemsViewModel.m in Sources */ = {isa = PBXBuildFile; fileRef = 2282506E1D96414700FC02A0 /* ProblemsViewModel.m */; };
		228250761D965AE900FC02A0 /* ProblemDetailViewController.m in Sources */ = {isa = PBXBuildFile; fileRef = 228250751D965AE900FC02A0 /* ProblemDetailViewController.m */; };
		2282507A1D96767000FC02A0 /* ProblemActionsTableViewController.m in Sources */ = {isa = PBXBuildFile; fileRef = 228250791D96767000FC02A0 /* ProblemActionsTableViewController.m */; };
		2282507D1D968BCC00FC02A0 /* AddProblemViewController.m in Sources */ = {isa = PBXBuildFile; fileRef = 2282507C1D968BCC00FC02A0 /* AddProblemViewController.m */; };
		228250831D969DBF00FC02A0 /* ProblemArea.m in Sources */ = {isa = PBXBuildFile; fileRef = 228250821D969DBF00FC02A0 /* ProblemArea.m */; };
		228250861D969DE400FC02A0 /* ProblemCategory.m in Sources */ = {isa = PBXBuildFile; fileRef = 228250851D969DE400FC02A0 /* ProblemCategory.m */; };
		228250891D969F0300FC02A0 /* AddProblemViewModel.m in Sources */ = {isa = PBXBuildFile; fileRef = 228250881D969F0300FC02A0 /* AddProblemViewModel.m */; };
		2282508E1D96B55E00FC02A0 /* FilterProblemViewController.m in Sources */ = {isa = PBXBuildFile; fileRef = 2282508D1D96B55E00FC02A0 /* FilterProblemViewController.m */; };
		228250911D96B5BD00FC02A0 /* ToggleFilterContentsTableViewController.m in Sources */ = {isa = PBXBuildFile; fileRef = 228250901D96B5BD00FC02A0 /* ToggleFilterContentsTableViewController.m */; };
		228250941D96B9D000FC02A0 /* NSArray+ArrayUtils.m in Sources */ = {isa = PBXBuildFile; fileRef = 228250931D96B9D000FC02A0 /* NSArray+ArrayUtils.m */; };
		228250991D9755C500FC02A0 /* AddProblemPictureViewController.m in Sources */ = {isa = PBXBuildFile; fileRef = 228250981D9755C500FC02A0 /* AddProblemPictureViewController.m */; };
		2282509D1D977BE000FC02A0 /* fblogo.png in Resources */ = {isa = PBXBuildFile; fileRef = 2282509A1D977BE000FC02A0 /* fblogo.png */; };
		2282509E1D977BE000FC02A0 /* twitter logo.png in Resources */ = {isa = PBXBuildFile; fileRef = 2282509B1D977BE000FC02A0 /* twitter logo.png */; };
		2282509F1D977BE000FC02A0 /* gmaillogo.png in Resources */ = {isa = PBXBuildFile; fileRef = 2282509C1D977BE000FC02A0 /* gmaillogo.png */; };
		228250A21D977FD000FC02A0 /* PurchasesAndSubscriptionViewController.m in Sources */ = {isa = PBXBuildFile; fileRef = 228250A11D977FD000FC02A0 /* PurchasesAndSubscriptionViewController.m */; };
		228250A51D97805900FC02A0 /* PurchasesSubscriptionsTableViewController.m in Sources */ = {isa = PBXBuildFile; fileRef = 228250A41D97805900FC02A0 /* PurchasesSubscriptionsTableViewController.m */; };
		228250A81D97808F00FC02A0 /* PurchasesSubscriptionsViewModel.m in Sources */ = {isa = PBXBuildFile; fileRef = 228250A71D97808F00FC02A0 /* PurchasesSubscriptionsViewModel.m */; };
		228250AB1D978F9300FC02A0 /* AnalyticsViewController.m in Sources */ = {isa = PBXBuildFile; fileRef = 228250AA1D978F9300FC02A0 /* AnalyticsViewController.m */; };
		228250AF1D97905800FC02A0 /* traction.png in Resources */ = {isa = PBXBuildFile; fileRef = 228250AC1D97905800FC02A0 /* traction.png */; };
		228250B01D97905800FC02A0 /* IsuueCopmare.png in Resources */ = {isa = PBXBuildFile; fileRef = 228250AD1D97905800FC02A0 /* IsuueCopmare.png */; };
		228250B11D97905800FC02A0 /* InteractionPie.PNG in Resources */ = {isa = PBXBuildFile; fileRef = 228250AE1D97905800FC02A0 /* InteractionPie.PNG */; };
		228250B41D97923900FC02A0 /* MenuTableViewController.m in Sources */ = {isa = PBXBuildFile; fileRef = 228250B31D97923900FC02A0 /* MenuTableViewController.m */; };
		228250B61D97947400FC02A0 /* 1474798371_phone.png in Resources */ = {isa = PBXBuildFile; fileRef = 228250B51D97947400FC02A0 /* 1474798371_phone.png */; };
		228250B91D9794DB00FC02A0 /* HelpLineTableViewController.m in Sources */ = {isa = PBXBuildFile; fileRef = 228250B81D9794DB00FC02A0 /* HelpLineTableViewController.m */; };
		228250BC1D97968100FC02A0 /* HelpLineViewModel.m in Sources */ = {isa = PBXBuildFile; fileRef = 228250BB1D97968100FC02A0 /* HelpLineViewModel.m */; };
		22F231A21D97C06000511461 /* like.png in Resources */ = {isa = PBXBuildFile; fileRef = 22F231A11D97C06000511461 /* like.png */; };
		22F231A51D97D1C200511461 /* NSString+Utils.m in Sources */ = {isa = PBXBuildFile; fileRef = 22F231A41D97D1C200511461 /* NSString+Utils.m */; };
		22F231A91D97DEC800511461 /* getimage.png in Resources */ = {isa = PBXBuildFile; fileRef = 22F231A71D97DEC800511461 /* getimage.png */; };
		22F231AA1D97DEC800511461 /* voice-mobile-adv-hed-2015.png in Resources */ = {isa = PBXBuildFile; fileRef = 22F231A81D97DEC800511461 /* voice-mobile-adv-hed-2015.png */; };
/* End PBXBuildFile section */

/* Begin PBXContainerItemProxy section */
		2281ECD21D951CF7005FF871 /* PBXContainerItemProxy */ = {
			isa = PBXContainerItemProxy;
			containerPortal = 2281ECB01D951CF7005FF871 /* Project object */;
			proxyType = 1;
			remoteGlobalIDString = 2281ECB71D951CF7005FF871;
			remoteInfo = iCare;
		};
		2281ECDD1D951CF7005FF871 /* PBXContainerItemProxy */ = {
			isa = PBXContainerItemProxy;
			containerPortal = 2281ECB01D951CF7005FF871 /* Project object */;
			proxyType = 1;
			remoteGlobalIDString = 2281ECB71D951CF7005FF871;
			remoteInfo = iCare;
		};
/* End PBXContainerItemProxy section */

/* Begin PBXFileReference section */
		223CCA721D95F0DB00511627 /* SignInInfo.h */ = {isa = PBXFileReference; fileEncoding = 4; lastKnownFileType = sourcecode.c.h; path = SignInInfo.h; sourceTree = "<group>"; };
		223CCA731D95F0DB00511627 /* SignInInfo.m */ = {isa = PBXFileReference; fileEncoding = 4; lastKnownFileType = sourcecode.c.objc; path = SignInInfo.m; sourceTree = "<group>"; };
		223CCA751D95F4FC00511627 /* SignInViewModel.h */ = {isa = PBXFileReference; fileEncoding = 4; lastKnownFileType = sourcecode.c.h; path = SignInViewModel.h; sourceTree = "<group>"; };
		223CCA761D95F4FC00511627 /* SignInViewModel.m */ = {isa = PBXFileReference; fileEncoding = 4; lastKnownFileType = sourcecode.c.objc; path = SignInViewModel.m; sourceTree = "<group>"; };
		223CCA7B1D95FF6800511627 /* HomeViewController.h */ = {isa = PBXFileReference; fileEncoding = 4; lastKnownFileType = sourcecode.c.h; path = HomeViewController.h; sourceTree = "<group>"; };
		223CCA7C1D95FF6800511627 /* HomeViewController.m */ = {isa = PBXFileReference; fileEncoding = 4; lastKnownFileType = sourcecode.c.objc; path = HomeViewController.m; sourceTree = "<group>"; };
		223CCA7E1D96000D00511627 /* LocationInfo.h */ = {isa = PBXFileReference; fileEncoding = 4; lastKnownFileType = sourcecode.c.h; path = LocationInfo.h; sourceTree = "<group>"; };
		223CCA7F1D96000D00511627 /* LocationInfo.m */ = {isa = PBXFileReference; fileEncoding = 4; lastKnownFileType = sourcecode.c.objc; path = LocationInfo.m; sourceTree = "<group>"; };
		2281ECB81D951CF7005FF871 /* vCare.app */ = {isa = PBXFileReference; explicitFileType = wrapper.application; includeInIndex = 0; path = vCare.app; sourceTree = BUILT_PRODUCTS_DIR; };
		2281ECBC1D951CF7005FF871 /* main.m */ = {isa = PBXFileReference; lastKnownFileType = sourcecode.c.objc; path = main.m; sourceTree = "<group>"; };
		2281ECBE1D951CF7005FF871 /* AppDelegate.h */ = {isa = PBXFileReference; lastKnownFileType = sourcecode.c.h; path = AppDelegate.h; sourceTree = "<group>"; };
		2281ECBF1D951CF7005FF871 /* AppDelegate.m */ = {isa = PBXFileReference; lastKnownFileType = sourcecode.c.objc; path = AppDelegate.m; sourceTree = "<group>"; };
		2281ECC11D951CF7005FF871 /* SignInViewController.h */ = {isa = PBXFileReference; lastKnownFileType = sourcecode.c.h; path = SignInViewController.h; sourceTree = "<group>"; };
		2281ECC21D951CF7005FF871 /* SignInViewController.m */ = {isa = PBXFileReference; lastKnownFileType = sourcecode.c.objc; path = SignInViewController.m; sourceTree = "<group>"; };
		2281ECC51D951CF7005FF871 /* Base */ = {isa = PBXFileReference; lastKnownFileType = file.storyboard; name = Base; path = Base.lproj/Main.storyboard; sourceTree = "<group>"; };
		2281ECC71D951CF7005FF871 /* Assets.xcassets */ = {isa = PBXFileReference; lastKnownFileType = folder.assetcatalog; path = Assets.xcassets; sourceTree = "<group>"; };
		2281ECCA1D951CF7005FF871 /* Base */ = {isa = PBXFileReference; lastKnownFileType = file.storyboard; name = Base; path = Base.lproj/LaunchScreen.storyboard; sourceTree = "<group>"; };
		2281ECCC1D951CF7005FF871 /* Info.plist */ = {isa = PBXFileReference; lastKnownFileType = text.plist.xml; path = Info.plist; sourceTree = "<group>"; };
		2281ECD11D951CF7005FF871 /* iCareTests.xctest */ = {isa = PBXFileReference; explicitFileType = wrapper.cfbundle; includeInIndex = 0; path = iCareTests.xctest; sourceTree = BUILT_PRODUCTS_DIR; };
		2281ECD51D951CF7005FF871 /* iCareTests.m */ = {isa = PBXFileReference; lastKnownFileType = sourcecode.c.objc; path = iCareTests.m; sourceTree = "<group>"; };
		2281ECD71D951CF7005FF871 /* Info.plist */ = {isa = PBXFileReference; lastKnownFileType = text.plist.xml; path = Info.plist; sourceTree = "<group>"; };
		2281ECDC1D951CF7005FF871 /* iCareUITests.xctest */ = {isa = PBXFileReference; explicitFileType = wrapper.cfbundle; includeInIndex = 0; path = iCareUITests.xctest; sourceTree = BUILT_PRODUCTS_DIR; };
		2281ECE01D951CF7005FF871 /* iCareUITests.m */ = {isa = PBXFileReference; lastKnownFileType = sourcecode.c.objc; path = iCareUITests.m; sourceTree = "<group>"; };
		2281ECE21D951CF7005FF871 /* Info.plist */ = {isa = PBXFileReference; lastKnownFileType = text.plist.xml; path = Info.plist; sourceTree = "<group>"; };
		2281ECF41D953A5E005FF871 /* google-sign-in.png */ = {isa = PBXFileReference; lastKnownFileType = image.png; path = "google-sign-in.png"; sourceTree = "<group>"; };
		2281ECF61D953B11005FF871 /* Solid_white.png */ = {isa = PBXFileReference; lastKnownFileType = image.png; path = Solid_white.png; sourceTree = "<group>"; };
		2282505E1D961CBF00FC02A0 /* ProblemsTableViewController.h */ = {isa = PBXFileReference; fileEncoding = 4; lastKnownFileType = sourcecode.c.h; path = ProblemsTableViewController.h; sourceTree = "<group>"; };
		2282505F1D961CBF00FC02A0 /* ProblemsTableViewController.m */ = {isa = PBXFileReference; fileEncoding = 4; lastKnownFileType = sourcecode.c.objc; path = ProblemsTableViewController.m; sourceTree = "<group>"; };
		228250671D96381B00FC02A0 /* ProblemTableViewCell.h */ = {isa = PBXFileReference; fileEncoding = 4; lastKnownFileType = sourcecode.c.h; path = ProblemTableViewCell.h; sourceTree = "<group>"; };
		228250681D96381B00FC02A0 /* ProblemTableViewCell.m */ = {isa = PBXFileReference; fileEncoding = 4; lastKnownFileType = sourcecode.c.objc; path = ProblemTableViewCell.m; sourceTree = "<group>"; };
		2282506A1D963D5800FC02A0 /* ProblemDetail.h */ = {isa = PBXFileReference; fileEncoding = 4; lastKnownFileType = sourcecode.c.h; path = ProblemDetail.h; sourceTree = "<group>"; };
		2282506B1D963D5800FC02A0 /* ProblemDetail.m */ = {isa = PBXFileReference; fileEncoding = 4; lastKnownFileType = sourcecode.c.objc; path = ProblemDetail.m; sourceTree = "<group>"; };
		2282506D1D96414700FC02A0 /* ProblemsViewModel.h */ = {isa = PBXFileReference; fileEncoding = 4; lastKnownFileType = sourcecode.c.h; path = ProblemsViewModel.h; sourceTree = "<group>"; };
		2282506E1D96414700FC02A0 /* ProblemsViewModel.m */ = {isa = PBXFileReference; fileEncoding = 4; lastKnownFileType = sourcecode.c.objc; path = ProblemsViewModel.m; sourceTree = "<group>"; };
		228250731D96517400FC02A0 /* Location.gpx */ = {isa = PBXFileReference; lastKnownFileType = text.xml; path = Location.gpx; sourceTree = "<group>"; };
		228250741D965AE900FC02A0 /* ProblemDetailViewController.h */ = {isa = PBXFileReference; fileEncoding = 4; lastKnownFileType = sourcecode.c.h; path = ProblemDetailViewController.h; sourceTree = "<group>"; };
		228250751D965AE900FC02A0 /* ProblemDetailViewController.m */ = {isa = PBXFileReference; fileEncoding = 4; lastKnownFileType = sourcecode.c.objc; path = ProblemDetailViewController.m; sourceTree = "<group>"; };
		228250781D96767000FC02A0 /* ProblemActionsTableViewController.h */ = {isa = PBXFileReference; fileEncoding = 4; lastKnownFileType = sourcecode.c.h; path = ProblemActionsTableViewController.h; sourceTree = "<group>"; };
		228250791D96767000FC02A0 /* ProblemActionsTableViewController.m */ = {isa = PBXFileReference; fileEncoding = 4; lastKnownFileType = sourcecode.c.objc; path = ProblemActionsTableViewController.m; sourceTree = "<group>"; };
		2282507B1D968BCC00FC02A0 /* AddProblemViewController.h */ = {isa = PBXFileReference; fileEncoding = 4; lastKnownFileType = sourcecode.c.h; path = AddProblemViewController.h; sourceTree = "<group>"; };
		2282507C1D968BCC00FC02A0 /* AddProblemViewController.m */ = {isa = PBXFileReference; fileEncoding = 4; lastKnownFileType = sourcecode.c.objc; path = AddProblemViewController.m; sourceTree = "<group>"; };
		228250811D969DBF00FC02A0 /* ProblemArea.h */ = {isa = PBXFileReference; fileEncoding = 4; lastKnownFileType = sourcecode.c.h; path = ProblemArea.h; sourceTree = "<group>"; };
		228250821D969DBF00FC02A0 /* ProblemArea.m */ = {isa = PBXFileReference; fileEncoding = 4; lastKnownFileType = sourcecode.c.objc; path = ProblemArea.m; sourceTree = "<group>"; };
		228250841D969DE400FC02A0 /* ProblemCategory.h */ = {isa = PBXFileReference; fileEncoding = 4; lastKnownFileType = sourcecode.c.h; path = ProblemCategory.h; sourceTree = "<group>"; };
		228250851D969DE400FC02A0 /* ProblemCategory.m */ = {isa = PBXFileReference; fileEncoding = 4; lastKnownFileType = sourcecode.c.objc; path = ProblemCategory.m; sourceTree = "<group>"; };
		228250871D969F0300FC02A0 /* AddProblemViewModel.h */ = {isa = PBXFileReference; fileEncoding = 4; lastKnownFileType = sourcecode.c.h; path = AddProblemViewModel.h; sourceTree = "<group>"; };
		228250881D969F0300FC02A0 /* AddProblemViewModel.m */ = {isa = PBXFileReference; fileEncoding = 4; lastKnownFileType = sourcecode.c.objc; path = AddProblemViewModel.m; sourceTree = "<group>"; };
		2282508C1D96B55E00FC02A0 /* FilterProblemViewController.h */ = {isa = PBXFileReference; fileEncoding = 4; lastKnownFileType = sourcecode.c.h; path = FilterProblemViewController.h; sourceTree = "<group>"; };
		2282508D1D96B55E00FC02A0 /* FilterProblemViewController.m */ = {isa = PBXFileReference; fileEncoding = 4; lastKnownFileType = sourcecode.c.objc; path = FilterProblemViewController.m; sourceTree = "<group>"; };
		2282508F1D96B5BD00FC02A0 /* ToggleFilterContentsTableViewController.h */ = {isa = PBXFileReference; fileEncoding = 4; lastKnownFileType = sourcecode.c.h; path = ToggleFilterContentsTableViewController.h; sourceTree = "<group>"; };
		228250901D96B5BD00FC02A0 /* ToggleFilterContentsTableViewController.m */ = {isa = PBXFileReference; fileEncoding = 4; lastKnownFileType = sourcecode.c.objc; path = ToggleFilterContentsTableViewController.m; sourceTree = "<group>"; };
		228250921D96B9D000FC02A0 /* NSArray+ArrayUtils.h */ = {isa = PBXFileReference; fileEncoding = 4; lastKnownFileType = sourcecode.c.h; path = "NSArray+ArrayUtils.h"; sourceTree = "<group>"; };
		228250931D96B9D000FC02A0 /* NSArray+ArrayUtils.m */ = {isa = PBXFileReference; fileEncoding = 4; lastKnownFileType = sourcecode.c.objc; path = "NSArray+ArrayUtils.m"; sourceTree = "<group>"; };
		228250971D9755C500FC02A0 /* AddProblemPictureViewController.h */ = {isa = PBXFileReference; fileEncoding = 4; lastKnownFileType = sourcecode.c.h; path = AddProblemPictureViewController.h; sourceTree = "<group>"; };
		228250981D9755C500FC02A0 /* AddProblemPictureViewController.m */ = {isa = PBXFileReference; fileEncoding = 4; lastKnownFileType = sourcecode.c.objc; path = AddProblemPictureViewController.m; sourceTree = "<group>"; };
		2282509A1D977BE000FC02A0 /* fblogo.png */ = {isa = PBXFileReference; lastKnownFileType = image.png; path = fblogo.png; sourceTree = "<group>"; };
		2282509B1D977BE000FC02A0 /* twitter logo.png */ = {isa = PBXFileReference; lastKnownFileType = image.png; path = "twitter logo.png"; sourceTree = "<group>"; };
		2282509C1D977BE000FC02A0 /* gmaillogo.png */ = {isa = PBXFileReference; lastKnownFileType = image.png; path = gmaillogo.png; sourceTree = "<group>"; };
		228250A01D977FD000FC02A0 /* PurchasesAndSubscriptionViewController.h */ = {isa = PBXFileReference; fileEncoding = 4; lastKnownFileType = sourcecode.c.h; path = PurchasesAndSubscriptionViewController.h; sourceTree = "<group>"; };
		228250A11D977FD000FC02A0 /* PurchasesAndSubscriptionViewController.m */ = {isa = PBXFileReference; fileEncoding = 4; lastKnownFileType = sourcecode.c.objc; path = PurchasesAndSubscriptionViewController.m; sourceTree = "<group>"; };
		228250A31D97805900FC02A0 /* PurchasesSubscriptionsTableViewController.h */ = {isa = PBXFileReference; fileEncoding = 4; lastKnownFileType = sourcecode.c.h; path = PurchasesSubscriptionsTableViewController.h; sourceTree = "<group>"; };
		228250A41D97805900FC02A0 /* PurchasesSubscriptionsTableViewController.m */ = {isa = PBXFileReference; fileEncoding = 4; lastKnownFileType = sourcecode.c.objc; path = PurchasesSubscriptionsTableViewController.m; sourceTree = "<group>"; };
		228250A61D97808F00FC02A0 /* PurchasesSubscriptionsViewModel.h */ = {isa = PBXFileReference; fileEncoding = 4; lastKnownFileType = sourcecode.c.h; path = PurchasesSubscriptionsViewModel.h; sourceTree = "<group>"; };
		228250A71D97808F00FC02A0 /* PurchasesSubscriptionsViewModel.m */ = {isa = PBXFileReference; fileEncoding = 4; lastKnownFileType = sourcecode.c.objc; path = PurchasesSubscriptionsViewModel.m; sourceTree = "<group>"; };
		228250A91D978F9300FC02A0 /* AnalyticsViewController.h */ = {isa = PBXFileReference; fileEncoding = 4; lastKnownFileType = sourcecode.c.h; path = AnalyticsViewController.h; sourceTree = "<group>"; };
		228250AA1D978F9300FC02A0 /* AnalyticsViewController.m */ = {isa = PBXFileReference; fileEncoding = 4; lastKnownFileType = sourcecode.c.objc; path = AnalyticsViewController.m; sourceTree = "<group>"; };
		228250AC1D97905800FC02A0 /* traction.png */ = {isa = PBXFileReference; lastKnownFileType = image.png; path = traction.png; sourceTree = "<group>"; };
		228250AD1D97905800FC02A0 /* IsuueCopmare.png */ = {isa = PBXFileReference; lastKnownFileType = image.png; path = IsuueCopmare.png; sourceTree = "<group>"; };
		228250AE1D97905800FC02A0 /* InteractionPie.PNG */ = {isa = PBXFileReference; lastKnownFileType = image.png; path = InteractionPie.PNG; sourceTree = "<group>"; };
		228250B21D97923900FC02A0 /* MenuTableViewController.h */ = {isa = PBXFileReference; fileEncoding = 4; lastKnownFileType = sourcecode.c.h; path = MenuTableViewController.h; sourceTree = "<group>"; };
		228250B31D97923900FC02A0 /* MenuTableViewController.m */ = {isa = PBXFileReference; fileEncoding = 4; lastKnownFileType = sourcecode.c.objc; path = MenuTableViewController.m; sourceTree = "<group>"; };
		228250B51D97947400FC02A0 /* 1474798371_phone.png */ = {isa = PBXFileReference; lastKnownFileType = image.png; path = 1474798371_phone.png; sourceTree = "<group>"; };
		228250B71D9794DB00FC02A0 /* HelpLineTableViewController.h */ = {isa = PBXFileReference; fileEncoding = 4; lastKnownFileType = sourcecode.c.h; path = HelpLineTableViewController.h; sourceTree = "<group>"; };
		228250B81D9794DB00FC02A0 /* HelpLineTableViewController.m */ = {isa = PBXFileReference; fileEncoding = 4; lastKnownFileType = sourcecode.c.objc; path = HelpLineTableViewController.m; sourceTree = "<group>"; };
		228250BA1D97968100FC02A0 /* HelpLineViewModel.h */ = {isa = PBXFileReference; fileEncoding = 4; lastKnownFileType = sourcecode.c.h; path = HelpLineViewModel.h; sourceTree = "<group>"; };
		228250BB1D97968100FC02A0 /* HelpLineViewModel.m */ = {isa = PBXFileReference; fileEncoding = 4; lastKnownFileType = sourcecode.c.objc; path = HelpLineViewModel.m; sourceTree = "<group>"; };
		22F231A11D97C06000511461 /* like.png */ = {isa = PBXFileReference; lastKnownFileType = image.png; path = like.png; sourceTree = "<group>"; };
		22F231A31D97D1C200511461 /* NSString+Utils.h */ = {isa = PBXFileReference; fileEncoding = 4; lastKnownFileType = sourcecode.c.h; path = "NSString+Utils.h"; sourceTree = "<group>"; };
		22F231A41D97D1C200511461 /* NSString+Utils.m */ = {isa = PBXFileReference; fileEncoding = 4; lastKnownFileType = sourcecode.c.objc; path = "NSString+Utils.m"; sourceTree = "<group>"; };
		22F231A61D97D88500511461 /* ProblemVotingDelegate.h */ = {isa = PBXFileReference; fileEncoding = 4; lastKnownFileType = sourcecode.c.h; path = ProblemVotingDelegate.h; sourceTree = "<group>"; };
		22F231A71D97DEC800511461 /* getimage.png */ = {isa = PBXFileReference; lastKnownFileType = image.png; path = getimage.png; sourceTree = "<group>"; };
		22F231A81D97DEC800511461 /* voice-mobile-adv-hed-2015.png */ = {isa = PBXFileReference; lastKnownFileType = image.png; path = "voice-mobile-adv-hed-2015.png"; sourceTree = "<group>"; };
/* End PBXFileReference section */

/* Begin PBXFrameworksBuildPhase section */
		2281ECB51D951CF7005FF871 /* Frameworks */ = {
			isa = PBXFrameworksBuildPhase;
			buildActionMask = 2147483647;
			files = (
			);
			runOnlyForDeploymentPostprocessing = 0;
		};
		2281ECCE1D951CF7005FF871 /* Frameworks */ = {
			isa = PBXFrameworksBuildPhase;
			buildActionMask = 2147483647;
			files = (
			);
			runOnlyForDeploymentPostprocessing = 0;
		};
		2281ECD91D951CF7005FF871 /* Frameworks */ = {
			isa = PBXFrameworksBuildPhase;
			buildActionMask = 2147483647;
			files = (
			);
			runOnlyForDeploymentPostprocessing = 0;
		};
/* End PBXFrameworksBuildPhase section */

/* Begin PBXGroup section */
		223CCA781D95FEA100511627 /* Sign In Screen */ = {
			isa = PBXGroup;
			children = (
				2281ECC11D951CF7005FF871 /* SignInViewController.h */,
				2281ECC21D951CF7005FF871 /* SignInViewController.m */,
			);
			name = "Sign In Screen";
			sourceTree = "<group>";
		};
		223CCA791D95FEAC00511627 /* Sign In View Model */ = {
			isa = PBXGroup;
			children = (
				223CCA751D95F4FC00511627 /* SignInViewModel.h */,
				223CCA761D95F4FC00511627 /* SignInViewModel.m */,
			);
			name = "Sign In View Model";
			sourceTree = "<group>";
		};
		223CCA7A1D95FEB700511627 /* Sign In */ = {
			isa = PBXGroup;
			children = (
				223CCA721D95F0DB00511627 /* SignInInfo.h */,
				223CCA731D95F0DB00511627 /* SignInInfo.m */,
			);
			name = "Sign In";
			sourceTree = "<group>";
		};
		2281ECAF1D951CF7005FF871 = {
			isa = PBXGroup;
			children = (
				2281ECF41D953A5E005FF871 /* google-sign-in.png */,
				22F231A71D97DEC800511461 /* getimage.png */,
				22F231A81D97DEC800511461 /* voice-mobile-adv-hed-2015.png */,
				2281ECF61D953B11005FF871 /* Solid_white.png */,
				22F231A11D97C06000511461 /* like.png */,
				2281ECBA1D951CF7005FF871 /* iCare */,
				2281ECD41D951CF7005FF871 /* iCareTests */,
				2281ECDF1D951CF7005FF871 /* iCareUITests */,
				2281ECB91D951CF7005FF871 /* Products */,
			);
			sourceTree = "<group>";
		};
		2281ECB91D951CF7005FF871 /* Products */ = {
			isa = PBXGroup;
			children = (
				2281ECB81D951CF7005FF871 /* vCare.app */,
				2281ECD11D951CF7005FF871 /* iCareTests.xctest */,
				2281ECDC1D951CF7005FF871 /* iCareUITests.xctest */,
			);
			name = Products;
			sourceTree = "<group>";
		};
		2281ECBA1D951CF7005FF871 /* iCare */ = {
			isa = PBXGroup;
			children = (
				22F231AB1D97E1E400511461 /* Utils */,
				2281ECF31D953588005FF871 /* DALayer */,
				2281ECF21D953580005FF871 /* BusinessLayer */,
				2281ECF11D953579005FF871 /* UILayer */,
				2281ECF01D953536005FF871 /* Models */,
				2281ECEF1D95352B005FF871 /* ViewModels */,
				2281ECEE1D953522005FF871 /* Views */,
				2281ECBE1D951CF7005FF871 /* AppDelegate.h */,
				2281ECBF1D951CF7005FF871 /* AppDelegate.m */,
				228250731D96517400FC02A0 /* Location.gpx */,
				2281ECC41D951CF7005FF871 /* Main.storyboard */,
				2281ECC71D951CF7005FF871 /* Assets.xcassets */,
				228250AC1D97905800FC02A0 /* traction.png */,
				228250AD1D97905800FC02A0 /* IsuueCopmare.png */,
				228250AE1D97905800FC02A0 /* InteractionPie.PNG */,
				2281ECC91D951CF7005FF871 /* LaunchScreen.storyboard */,
				2281ECCC1D951CF7005FF871 /* Info.plist */,
				228250B51D97947400FC02A0 /* 1474798371_phone.png */,
				2282509A1D977BE000FC02A0 /* fblogo.png */,
				2282509B1D977BE000FC02A0 /* twitter logo.png */,
				2282509C1D977BE000FC02A0 /* gmaillogo.png */,
				2281ECBB1D951CF7005FF871 /* Supporting Files */,
			);
			path = iCare;
			sourceTree = "<group>";
		};
		2281ECBB1D951CF7005FF871 /* Supporting Files */ = {
			isa = PBXGroup;
			children = (
				2281ECBC1D951CF7005FF871 /* main.m */,
			);
			name = "Supporting Files";
			sourceTree = "<group>";
		};
		2281ECD41D951CF7005FF871 /* iCareTests */ = {
			isa = PBXGroup;
			children = (
				2281ECD51D951CF7005FF871 /* iCareTests.m */,
				2281ECD71D951CF7005FF871 /* Info.plist */,
			);
			path = iCareTests;
			sourceTree = "<group>";
		};
		2281ECDF1D951CF7005FF871 /* iCareUITests */ = {
			isa = PBXGroup;
			children = (
				2281ECE01D951CF7005FF871 /* iCareUITests.m */,
				2281ECE21D951CF7005FF871 /* Info.plist */,
			);
			path = iCareUITests;
			sourceTree = "<group>";
		};
		2281ECEE1D953522005FF871 /* Views */ = {
			isa = PBXGroup;
			children = (
				22F231B01D97E2BA00511461 /* Help Line Screen */,
				22F231AF1D97E27300511461 /* Menu Screen */,
				22F231AE1D97E24800511461 /* Analytics Screen */,
				22F231AD1D97E22700511461 /* Purchases And Subscriptions Screen */,
				22F231AC1D97E1F700511461 /* Add Picture Screen */,
				228250951D96D6EC00FC02A0 /* Filter Screen */,
				2282508A1D96B4DC00FC02A0 /* Add Problem Screen */,
				228250771D965B0200FC02A0 /* Problem Details Screen */,
				228250661D9637BD00FC02A0 /* Problems List Screen */,
				228250651D9637B000FC02A0 /* Home Screen */,
				223CCA781D95FEA100511627 /* Sign In Screen */,
			);
			name = Views;
			sourceTree = "<group>";
		};
		2281ECEF1D95352B005FF871 /* ViewModels */ = {
			isa = PBXGroup;
			children = (
				22F231B11D97E2D400511461 /* Purchases And Subscription View Model */,
				2282508B1D96B51000FC02A0 /* Add Problem Model */,
				228250701D96474300FC02A0 /* Problems View Model */,
				223CCA791D95FEAC00511627 /* Sign In View Model */,
			);
			name = ViewModels;
			sourceTree = "<group>";
		};
		2281ECF01D953536005FF871 /* Models */ = {
			isa = PBXGroup;
			children = (
				228250961D96D6FE00FC02A0 /* Filters */,
				228250721D96479700FC02A0 /* Current Location */,
				228250711D96478300FC02A0 /* Problem */,
				223CCA7A1D95FEB700511627 /* Sign In */,
			);
			name = Models;
			sourceTree = "<group>";
		};
		2281ECF11D953579005FF871 /* UILayer */ = {
			isa = PBXGroup;
			children = (
			);
			name = UILayer;
			sourceTree = "<group>";
		};
		2281ECF21D953580005FF871 /* BusinessLayer */ = {
			isa = PBXGroup;
			children = (
			);
			name = BusinessLayer;
			sourceTree = "<group>";
		};
		2281ECF31D953588005FF871 /* DALayer */ = {
			isa = PBXGroup;
			children = (
			);
			name = DALayer;
			sourceTree = "<group>";
		};
		228250651D9637B000FC02A0 /* Home Screen */ = {
			isa = PBXGroup;
			children = (
				223CCA7B1D95FF6800511627 /* HomeViewController.h */,
				223CCA7C1D95FF6800511627 /* HomeViewController.m */,
			);
			name = "Home Screen";
			sourceTree = "<group>";
		};
		228250661D9637BD00FC02A0 /* Problems List Screen */ = {
			isa = PBXGroup;
			children = (
				22F231B21D97E2FC00511461 /* Problem Delegates */,
				2282505E1D961CBF00FC02A0 /* ProblemsTableViewController.h */,
				2282505F1D961CBF00FC02A0 /* ProblemsTableViewController.m */,
				228250671D96381B00FC02A0 /* ProblemTableViewCell.h */,
				228250681D96381B00FC02A0 /* ProblemTableViewCell.m */,
			);
			name = "Problems List Screen";
			sourceTree = "<group>";
		};
		228250701D96474300FC02A0 /* Problems View Model */ = {
			isa = PBXGroup;
			children = (
				2282506D1D96414700FC02A0 /* ProblemsViewModel.h */,
				2282506E1D96414700FC02A0 /* ProblemsViewModel.m */,
			);
			name = "Problems View Model";
			sourceTree = "<group>";
		};
		228250711D96478300FC02A0 /* Problem */ = {
			isa = PBXGroup;
			children = (
				2282506A1D963D5800FC02A0 /* ProblemDetail.h */,
				2282506B1D963D5800FC02A0 /* ProblemDetail.m */,
			);
			name = Problem;
			sourceTree = "<group>";
		};
		228250721D96479700FC02A0 /* Current Location */ = {
			isa = PBXGroup;
			children = (
				223CCA7E1D96000D00511627 /* LocationInfo.h */,
				223CCA7F1D96000D00511627 /* LocationInfo.m */,
			);
			name = "Current Location";
			sourceTree = "<group>";
		};
		228250771D965B0200FC02A0 /* Problem Details Screen */ = {
			isa = PBXGroup;
			children = (
				228250741D965AE900FC02A0 /* ProblemDetailViewController.h */,
				228250751D965AE900FC02A0 /* ProblemDetailViewController.m */,
				228250781D96767000FC02A0 /* ProblemActionsTableViewController.h */,
				228250791D96767000FC02A0 /* ProblemActionsTableViewController.m */,
			);
			name = "Problem Details Screen";
			sourceTree = "<group>";
		};
		2282508A1D96B4DC00FC02A0 /* Add Problem Screen */ = {
			isa = PBXGroup;
			children = (
				2282507B1D968BCC00FC02A0 /* AddProblemViewController.h */,
				2282507C1D968BCC00FC02A0 /* AddProblemViewController.m */,
			);
			name = "Add Problem Screen";
			sourceTree = "<group>";
		};
		2282508B1D96B51000FC02A0 /* Add Problem Model */ = {
			isa = PBXGroup;
			children = (
				228250871D969F0300FC02A0 /* AddProblemViewModel.h */,
				228250881D969F0300FC02A0 /* AddProblemViewModel.m */,
				228250BA1D97968100FC02A0 /* HelpLineViewModel.h */,
				228250BB1D97968100FC02A0 /* HelpLineViewModel.m */,
			);
			name = "Add Problem Model";
			sourceTree = "<group>";
		};
		228250951D96D6EC00FC02A0 /* Filter Screen */ = {
			isa = PBXGroup;
			children = (
				2282508C1D96B55E00FC02A0 /* FilterProblemViewController.h */,
				2282508D1D96B55E00FC02A0 /* FilterProblemViewController.m */,
				2282508F1D96B5BD00FC02A0 /* ToggleFilterContentsTableViewController.h */,
				228250901D96B5BD00FC02A0 /* ToggleFilterContentsTableViewController.m */,
			);
			name = "Filter Screen";
			sourceTree = "<group>";
		};
		228250961D96D6FE00FC02A0 /* Filters */ = {
			isa = PBXGroup;
			children = (
				228250811D969DBF00FC02A0 /* ProblemArea.h */,
				228250821D969DBF00FC02A0 /* ProblemArea.m */,
				228250841D969DE400FC02A0 /* ProblemCategory.h */,
				228250851D969DE400FC02A0 /* ProblemCategory.m */,
			);
			name = Filters;
			sourceTree = "<group>";
		};
		22F231AB1D97E1E400511461 /* Utils */ = {
			isa = PBXGroup;
			children = (
				22F231A31D97D1C200511461 /* NSString+Utils.h */,
				22F231A41D97D1C200511461 /* NSString+Utils.m */,
				228250921D96B9D000FC02A0 /* NSArray+ArrayUtils.h */,
				228250931D96B9D000FC02A0 /* NSArray+ArrayUtils.m */,
			);
			name = Utils;
			sourceTree = "<group>";
		};
		22F231AC1D97E1F700511461 /* Add Picture Screen */ = {
			isa = PBXGroup;
			children = (
				228250971D9755C500FC02A0 /* AddProblemPictureViewController.h */,
				228250981D9755C500FC02A0 /* AddProblemPictureViewController.m */,
			);
			name = "Add Picture Screen";
			sourceTree = "<group>";
		};
		22F231AD1D97E22700511461 /* Purchases And Subscriptions Screen */ = {
			isa = PBXGroup;
			children = (
				228250A01D977FD000FC02A0 /* PurchasesAndSubscriptionViewController.h */,
				228250A11D977FD000FC02A0 /* PurchasesAndSubscriptionViewController.m */,
				228250A31D97805900FC02A0 /* PurchasesSubscriptionsTableViewController.h */,
				228250A41D97805900FC02A0 /* PurchasesSubscriptionsTableViewController.m */,
			);
			name = "Purchases And Subscriptions Screen";
			sourceTree = "<group>";
		};
		22F231AE1D97E24800511461 /* Analytics Screen */ = {
			isa = PBXGroup;
			children = (
				228250A91D978F9300FC02A0 /* AnalyticsViewController.h */,
				228250AA1D978F9300FC02A0 /* AnalyticsViewController.m */,
			);
			name = "Analytics Screen";
			sourceTree = "<group>";
		};
		22F231AF1D97E27300511461 /* Menu Screen */ = {
			isa = PBXGroup;
			children = (
				228250B21D97923900FC02A0 /* MenuTableViewController.h */,
				228250B31D97923900FC02A0 /* MenuTableViewController.m */,
			);
			name = "Menu Screen";
			sourceTree = "<group>";
		};
		22F231B01D97E2BA00511461 /* Help Line Screen */ = {
			isa = PBXGroup;
			children = (
				228250B71D9794DB00FC02A0 /* HelpLineTableViewController.h */,
				228250B81D9794DB00FC02A0 /* HelpLineTableViewController.m */,
			);
			name = "Help Line Screen";
			sourceTree = "<group>";
		};
		22F231B11D97E2D400511461 /* Purchases And Subscription View Model */ = {
			isa = PBXGroup;
			children = (
				228250A61D97808F00FC02A0 /* PurchasesSubscriptionsViewModel.h */,
				228250A71D97808F00FC02A0 /* PurchasesSubscriptionsViewModel.m */,
			);
			name = "Purchases And Subscription View Model";
			sourceTree = "<group>";
		};
		22F231B21D97E2FC00511461 /* Problem Delegates */ = {
			isa = PBXGroup;
			children = (
				22F231A61D97D88500511461 /* ProblemVotingDelegate.h */,
			);
			name = "Problem Delegates";
			sourceTree = "<group>";
		};
/* End PBXGroup section */

/* Begin PBXNativeTarget section */
		2281ECB71D951CF7005FF871 /* iCare */ = {
			isa = PBXNativeTarget;
			buildConfigurationList = 2281ECE51D951CF7005FF871 /* Build configuration list for PBXNativeTarget "iCare" */;
			buildPhases = (
				2281ECB41D951CF7005FF871 /* Sources */,
				2281ECB51D951CF7005FF871 /* Frameworks */,
				2281ECB61D951CF7005FF871 /* Resources */,
			);
			buildRules = (
			);
			dependencies = (
			);
			name = iCare;
			productName = iCare;
			productReference = 2281ECB81D951CF7005FF871 /* vCare.app */;
			productType = "com.apple.product-type.application";
		};
		2281ECD01D951CF7005FF871 /* iCareTests */ = {
			isa = PBXNativeTarget;
			buildConfigurationList = 2281ECE81D951CF7005FF871 /* Build configuration list for PBXNativeTarget "iCareTests" */;
			buildPhases = (
				2281ECCD1D951CF7005FF871 /* Sources */,
				2281ECCE1D951CF7005FF871 /* Frameworks */,
				2281ECCF1D951CF7005FF871 /* Resources */,
			);
			buildRules = (
			);
			dependencies = (
				2281ECD31D951CF7005FF871 /* PBXTargetDependency */,
			);
			name = iCareTests;
			productName = iCareTests;
			productReference = 2281ECD11D951CF7005FF871 /* iCareTests.xctest */;
			productType = "com.apple.product-type.bundle.unit-test";
		};
		2281ECDB1D951CF7005FF871 /* iCareUITests */ = {
			isa = PBXNativeTarget;
			buildConfigurationList = 2281ECEB1D951CF7005FF871 /* Build configuration list for PBXNativeTarget "iCareUITests" */;
			buildPhases = (
				2281ECD81D951CF7005FF871 /* Sources */,
				2281ECD91D951CF7005FF871 /* Frameworks */,
				2281ECDA1D951CF7005FF871 /* Resources */,
			);
			buildRules = (
			);
			dependencies = (
				2281ECDE1D951CF7005FF871 /* PBXTargetDependency */,
			);
			name = iCareUITests;
			productName = iCareUITests;
			productReference = 2281ECDC1D951CF7005FF871 /* iCareUITests.xctest */;
			productType = "com.apple.product-type.bundle.ui-testing";
		};
/* End PBXNativeTarget section */

/* Begin PBXProject section */
		2281ECB01D951CF7005FF871 /* Project object */ = {
			isa = PBXProject;
			attributes = {
				LastUpgradeCheck = 0720;
				ORGANIZATIONNAME = Personal;
				TargetAttributes = {
					2281ECB71D951CF7005FF871 = {
						CreatedOnToolsVersion = 7.2;
						DevelopmentTeam = SCV2A5S29F;
					};
					2281ECD01D951CF7005FF871 = {
						CreatedOnToolsVersion = 7.2;
						TestTargetID = 2281ECB71D951CF7005FF871;
					};
					2281ECDB1D951CF7005FF871 = {
						CreatedOnToolsVersion = 7.2;
						TestTargetID = 2281ECB71D951CF7005FF871;
					};
				};
			};
			buildConfigurationList = 2281ECB31D951CF7005FF871 /* Build configuration list for PBXProject "iCare" */;
			compatibilityVersion = "Xcode 3.2";
			developmentRegion = English;
			hasScannedForEncodings = 0;
			knownRegions = (
				en,
				Base,
			);
			mainGroup = 2281ECAF1D951CF7005FF871;
			productRefGroup = 2281ECB91D951CF7005FF871 /* Products */;
			projectDirPath = "";
			projectRoot = "";
			targets = (
				2281ECB71D951CF7005FF871 /* iCare */,
				2281ECD01D951CF7005FF871 /* iCareTests */,
				2281ECDB1D951CF7005FF871 /* iCareUITests */,
			);
		};
/* End PBXProject section */

/* Begin PBXResourcesBuildPhase section */
		2281ECB61D951CF7005FF871 /* Resources */ = {
			isa = PBXResourcesBuildPhase;
			buildActionMask = 2147483647;
			files = (
				2282509D1D977BE000FC02A0 /* fblogo.png in Resources */,
				228250B01D97905800FC02A0 /* IsuueCopmare.png in Resources */,
				22F231AA1D97DEC800511461 /* voice-mobile-adv-hed-2015.png in Resources */,
				2281ECF71D953B11005FF871 /* Solid_white.png in Resources */,
				228250B61D97947400FC02A0 /* 1474798371_phone.png in Resources */,
				228250B11D97905800FC02A0 /* InteractionPie.PNG in Resources */,
				2281ECF51D953A5E005FF871 /* google-sign-in.png in Resources */,
				2282509F1D977BE000FC02A0 /* gmaillogo.png in Resources */,
				2281ECCB1D951CF7005FF871 /* LaunchScreen.storyboard in Resources */,
				22F231A91D97DEC800511461 /* getimage.png in Resources */,
				2281ECC81D951CF7005FF871 /* Assets.xcassets in Resources */,
				228250AF1D97905800FC02A0 /* traction.png in Resources */,
				22F231A21D97C06000511461 /* like.png in Resources */,
				2282509E1D977BE000FC02A0 /* twitter logo.png in Resources */,
				2281ECC61D951CF7005FF871 /* Main.storyboard in Resources */,
			);
			runOnlyForDeploymentPostprocessing = 0;
		};
		2281ECCF1D951CF7005FF871 /* Resources */ = {
			isa = PBXResourcesBuildPhase;
			buildActionMask = 2147483647;
			files = (
			);
			runOnlyForDeploymentPostprocessing = 0;
		};
		2281ECDA1D951CF7005FF871 /* Resources */ = {
			isa = PBXResourcesBuildPhase;
			buildActionMask = 2147483647;
			files = (
			);
			runOnlyForDeploymentPostprocessing = 0;
		};
/* End PBXResourcesBuildPhase section */

/* Begin PBXSourcesBuildPhase section */
		2281ECB41D951CF7005FF871 /* Sources */ = {
			isa = PBXSourcesBuildPhase;
			buildActionMask = 2147483647;
			files = (
				228250991D9755C500FC02A0 /* AddProblemPictureViewController.m in Sources */,
				2282508E1D96B55E00FC02A0 /* FilterProblemViewController.m in Sources */,
				228250A81D97808F00FC02A0 /* PurchasesSubscriptionsViewModel.m in Sources */,
				2282506F1D96414700FC02A0 /* ProblemsViewModel.m in Sources */,
				228250891D969F0300FC02A0 /* AddProblemViewModel.m in Sources */,
				2281ECC31D951CF7005FF871 /* SignInViewController.m in Sources */,
				2281ECC01D951CF7005FF871 /* AppDelegate.m in Sources */,
				22F231A51D97D1C200511461 /* NSString+Utils.m in Sources */,
				228250861D969DE400FC02A0 /* ProblemCategory.m in Sources */,
				228250B91D9794DB00FC02A0 /* HelpLineTableViewController.m in Sources */,
				228250B41D97923900FC02A0 /* MenuTableViewController.m in Sources */,
				228250911D96B5BD00FC02A0 /* ToggleFilterContentsTableViewController.m in Sources */,
				228250761D965AE900FC02A0 /* ProblemDetailViewController.m in Sources */,
				223CCA771D95F4FC00511627 /* SignInViewModel.m in Sources */,
				228250601D961CBF00FC02A0 /* ProblemsTableViewController.m in Sources */,
				2281ECBD1D951CF7005FF871 /* main.m in Sources */,
				228250691D96381B00FC02A0 /* ProblemTableViewCell.m in Sources */,
				2282507A1D96767000FC02A0 /* ProblemActionsTableViewController.m in Sources */,
				2282506C1D963D5800FC02A0 /* ProblemDetail.m in Sources */,
				228250831D969DBF00FC02A0 /* ProblemArea.m in Sources */,
				228250BC1D97968100FC02A0 /* HelpLineViewModel.m in Sources */,
				2282507D1D968BCC00FC02A0 /* AddProblemViewController.m in Sources */,
				228250AB1D978F9300FC02A0 /* AnalyticsViewController.m in Sources */,
				228250A51D97805900FC02A0 /* PurchasesSubscriptionsTableViewController.m in Sources */,
				223CCA741D95F0DB00511627 /* SignInInfo.m in Sources */,
				228250A21D977FD000FC02A0 /* PurchasesAndSubscriptionViewController.m in Sources */,
				223CCA7D1D95FF6800511627 /* HomeViewController.m in Sources */,
				228250941D96B9D000FC02A0 /* NSArray+ArrayUtils.m in Sources */,
				223CCA801D96000D00511627 /* LocationInfo.m in Sources */,
			);
			runOnlyForDeploymentPostprocessing = 0;
		};
		2281ECCD1D951CF7005FF871 /* Sources */ = {
			isa = PBXSourcesBuildPhase;
			buildActionMask = 2147483647;
			files = (
				2281ECD61D951CF7005FF871 /* iCareTests.m in Sources */,
			);
			runOnlyForDeploymentPostprocessing = 0;
		};
		2281ECD81D951CF7005FF871 /* Sources */ = {
			isa = PBXSourcesBuildPhase;
			buildActionMask = 2147483647;
			files = (
				2281ECE11D951CF7005FF871 /* iCareUITests.m in Sources */,
			);
			runOnlyForDeploymentPostprocessing = 0;
		};
/* End PBXSourcesBuildPhase section */

/* Begin PBXTargetDependency section */
		2281ECD31D951CF7005FF871 /* PBXTargetDependency */ = {
			isa = PBXTargetDependency;
			target = 2281ECB71D951CF7005FF871 /* iCare */;
			targetProxy = 2281ECD21D951CF7005FF871 /* PBXContainerItemProxy */;
		};
		2281ECDE1D951CF7005FF871 /* PBXTargetDependency */ = {
			isa = PBXTargetDependency;
			target = 2281ECB71D951CF7005FF871 /* iCare */;
			targetProxy = 2281ECDD1D951CF7005FF871 /* PBXContainerItemProxy */;
		};
/* End PBXTargetDependency section */

/* Begin PBXVariantGroup section */
		2281ECC41D951CF7005FF871 /* Main.storyboard */ = {
			isa = PBXVariantGroup;
			children = (
				2281ECC51D951CF7005FF871 /* Base */,
			);
			name = Main.storyboard;
			sourceTree = "<group>";
		};
		2281ECC91D951CF7005FF871 /* LaunchScreen.storyboard */ = {
			isa = PBXVariantGroup;
			children = (
				2281ECCA1D951CF7005FF871 /* Base */,
			);
			name = LaunchScreen.storyboard;
			sourceTree = "<group>";
		};
/* End PBXVariantGroup section */

/* Begin XCBuildConfiguration section */
		2281ECE31D951CF7005FF871 /* Debug */ = {
			isa = XCBuildConfiguration;
			buildSettings = {
				ALWAYS_SEARCH_USER_PATHS = NO;
				CLANG_CXX_LANGUAGE_STANDARD = "gnu++0x";
				CLANG_CXX_LIBRARY = "libc++";
				CLANG_ENABLE_MODULES = YES;
				CLANG_ENABLE_OBJC_ARC = YES;
				CLANG_WARN_BOOL_CONVERSION = YES;
				CLANG_WARN_CONSTANT_CONVERSION = YES;
				CLANG_WARN_DIRECT_OBJC_ISA_USAGE = YES_ERROR;
				CLANG_WARN_EMPTY_BODY = YES;
				CLANG_WARN_ENUM_CONVERSION = YES;
				CLANG_WARN_INT_CONVERSION = YES;
				CLANG_WARN_OBJC_ROOT_CLASS = YES_ERROR;
				CLANG_WARN_UNREACHABLE_CODE = YES;
				CLANG_WARN__DUPLICATE_METHOD_MATCH = YES;
				"CODE_SIGN_IDENTITY[sdk=iphoneos*]" = "iPhone Developer";
				COPY_PHASE_STRIP = NO;
				DEBUG_INFORMATION_FORMAT = dwarf;
				ENABLE_STRICT_OBJC_MSGSEND = YES;
				ENABLE_TESTABILITY = YES;
				GCC_C_LANGUAGE_STANDARD = gnu99;
				GCC_DYNAMIC_NO_PIC = NO;
				GCC_NO_COMMON_BLOCKS = YES;
				GCC_OPTIMIZATION_LEVEL = 0;
				GCC_PREPROCESSOR_DEFINITIONS = (
					"DEBUG=1",
					"$(inherited)",
				);
				GCC_WARN_64_TO_32_BIT_CONVERSION = YES;
				GCC_WARN_ABOUT_RETURN_TYPE = YES_ERROR;
				GCC_WARN_UNDECLARED_SELECTOR = YES;
				GCC_WARN_UNINITIALIZED_AUTOS = YES_AGGRESSIVE;
				GCC_WARN_UNUSED_FUNCTION = YES;
				GCC_WARN_UNUSED_VARIABLE = YES;
				IPHONEOS_DEPLOYMENT_TARGET = 9.2;
				MTL_ENABLE_DEBUG_INFO = YES;
				ONLY_ACTIVE_ARCH = YES;
				SDKROOT = iphoneos;
				TARGETED_DEVICE_FAMILY = "1,2";
			};
			name = Debug;
		};
		2281ECE41D951CF7005FF871 /* Release */ = {
			isa = XCBuildConfiguration;
			buildSettings = {
				ALWAYS_SEARCH_USER_PATHS = NO;
				CLANG_CXX_LANGUAGE_STANDARD = "gnu++0x";
				CLANG_CXX_LIBRARY = "libc++";
				CLANG_ENABLE_MODULES = YES;
				CLANG_ENABLE_OBJC_ARC = YES;
				CLANG_WARN_BOOL_CONVERSION = YES;
				CLANG_WARN_CONSTANT_CONVERSION = YES;
				CLANG_WARN_DIRECT_OBJC_ISA_USAGE = YES_ERROR;
				CLANG_WARN_EMPTY_BODY = YES;
				CLANG_WARN_ENUM_CONVERSION = YES;
				CLANG_WARN_INT_CONVERSION = YES;
				CLANG_WARN_OBJC_ROOT_CLASS = YES_ERROR;
				CLANG_WARN_UNREACHABLE_CODE = YES;
				CLANG_WARN__DUPLICATE_METHOD_MATCH = YES;
				"CODE_SIGN_IDENTITY[sdk=iphoneos*]" = "iPhone Developer";
				COPY_PHASE_STRIP = NO;
				DEBUG_INFORMATION_FORMAT = "dwarf-with-dsym";
				ENABLE_NS_ASSERTIONS = NO;
				ENABLE_STRICT_OBJC_MSGSEND = YES;
				GCC_C_LANGUAGE_STANDARD = gnu99;
				GCC_NO_COMMON_BLOCKS = YES;
				GCC_WARN_64_TO_32_BIT_CONVERSION = YES;
				GCC_WARN_ABOUT_RETURN_TYPE = YES_ERROR;
				GCC_WARN_UNDECLARED_SELECTOR = YES;
				GCC_WARN_UNINITIALIZED_AUTOS = YES_AGGRESSIVE;
				GCC_WARN_UNUSED_FUNCTION = YES;
				GCC_WARN_UNUSED_VARIABLE = YES;
				IPHONEOS_DEPLOYMENT_TARGET = 9.2;
				MTL_ENABLE_DEBUG_INFO = NO;
				SDKROOT = iphoneos;
				TARGETED_DEVICE_FAMILY = "1,2";
				VALIDATE_PRODUCT = YES;
			};
			name = Release;
		};
		2281ECE61D951CF7005FF871 /* Debug */ = {
			isa = XCBuildConfiguration;
			buildSettings = {
				ASSETCATALOG_COMPILER_APPICON_NAME = AppIcon;
				CODE_SIGN_IDENTITY = "iPhone Developer";
				"CODE_SIGN_IDENTITY[sdk=iphoneos*]" = "iPhone Developer";
				INFOPLIST_FILE = iCare/Info.plist;
				IPHONEOS_DEPLOYMENT_TARGET = 8.1;
				LD_RUNPATH_SEARCH_PATHS = "$(inherited) @executable_path/Frameworks";
				PRODUCT_BUNDLE_IDENTIFIER = com.wisdom.Cloudsample;
				PRODUCT_NAME = vCare;
				PROVISIONING_PROFILE = "";
			};
			name = Debug;
		};
		2281ECE71D951CF7005FF871 /* Release */ = {
			isa = XCBuildConfiguration;
			buildSettings = {
				ASSETCATALOG_COMPILER_APPICON_NAME = AppIcon;
				CODE_SIGN_IDENTITY = "iPhone Developer";
				"CODE_SIGN_IDENTITY[sdk=iphoneos*]" = "iPhone Developer";
				INFOPLIST_FILE = iCare/Info.plist;
				IPHONEOS_DEPLOYMENT_TARGET = 8.1;
				LD_RUNPATH_SEARCH_PATHS = "$(inherited) @executable_path/Frameworks";
				PRODUCT_BUNDLE_IDENTIFIER = com.wisdom.Cloudsample;
				PRODUCT_NAME = vCare;
				PROVISIONING_PROFILE = "";
			};
			name = Release;
		};
		2281ECE91D951CF7005FF871 /* Debug */ = {
			isa = XCBuildConfiguration;
			buildSettings = {
				BUNDLE_LOADER = "$(TEST_HOST)";
				INFOPLIST_FILE = iCareTests/Info.plist;
				LD_RUNPATH_SEARCH_PATHS = "$(inherited) @executable_path/Frameworks @loader_path/Frameworks";
				PRODUCT_BUNDLE_IDENTIFIER = com.demoapps.iCareTests;
				PRODUCT_NAME = "$(TARGET_NAME)";
				TEST_HOST = "$(BUILT_PRODUCTS_DIR)/iCare.app/iCare";
			};
			name = Debug;
		};
		2281ECEA1D951CF7005FF871 /* Release */ = {
			isa = XCBuildConfiguration;
			buildSettings = {
				BUNDLE_LOADER = "$(TEST_HOST)";
				INFOPLIST_FILE = iCareTests/Info.plist;
				LD_RUNPATH_SEARCH_PATHS = "$(inherited) @executable_path/Frameworks @loader_path/Frameworks";
				PRODUCT_BUNDLE_IDENTIFIER = com.demoapps.iCareTests;
				PRODUCT_NAME = "$(TARGET_NAME)";
				TEST_HOST = "$(BUILT_PRODUCTS_DIR)/iCare.app/iCare";
			};
			name = Release;
		};
		2281ECEC1D951CF7005FF871 /* Debug */ = {
			isa = XCBuildConfiguration;
			buildSettings = {
				INFOPLIST_FILE = iCareUITests/Info.plist;
				LD_RUNPATH_SEARCH_PATHS = "$(inherited) @executable_path/Frameworks @loader_path/Frameworks";
				PRODUCT_BUNDLE_IDENTIFIER = com.demoapps.iCareUITests;
				PRODUCT_NAME = "$(TARGET_NAME)";
				TEST_TARGET_NAME = iCare;
				USES_XCTRUNNER = YES;
			};
			name = Debug;
		};
		2281ECED1D951CF7005FF871 /* Release */ = {
			isa = XCBuildConfiguration;
			buildSettings = {
				INFOPLIST_FILE = iCareUITests/Info.plist;
				LD_RUNPATH_SEARCH_PATHS = "$(inherited) @executable_path/Frameworks @loader_path/Frameworks";
				PRODUCT_BUNDLE_IDENTIFIER = com.demoapps.iCareUITests;
				PRODUCT_NAME = "$(TARGET_NAME)";
				TEST_TARGET_NAME = iCare;
				USES_XCTRUNNER = YES;
			};
			name = Release;
		};
/* End XCBuildConfiguration section */

/* Begin XCConfigurationList section */
		2281ECB31D951CF7005FF871 /* Build configuration list for PBXProject "iCare" */ = {
			isa = XCConfigurationList;
			buildConfigurations = (
				2281ECE31D951CF7005FF871 /* Debug */,
				2281ECE41D951CF7005FF871 /* Release */,
			);
			defaultConfigurationIsVisible = 0;
			defaultConfigurationName = Release;
		};
		2281ECE51D951CF7005FF871 /* Build configuration list for PBXNativeTarget "iCare" */ = {
			isa = XCConfigurationList;
			buildConfigurations = (
				2281ECE61D951CF7005FF871 /* Debug */,
				2281ECE71D951CF7005FF871 /* Release */,
			);
			defaultConfigurationIsVisible = 0;
			defaultConfigurationName = Release;
		};
		2281ECE81D951CF7005FF871 /* Build configuration list for PBXNativeTarget "iCareTests" */ = {
			isa = XCConfigurationList;
			buildConfigurations = (
				2281ECE91D951CF7005FF871 /* Debug */,
				2281ECEA1D951CF7005FF871 /* Release */,
			);
			defaultConfigurationIsVisible = 0;
			defaultConfigurationName = Release;
		};
		2281ECEB1D951CF7005FF871 /* Build configuration list for PBXNativeTarget "iCareUITests" */ = {
			isa = XCConfigurationList;
			buildConfigurations = (
				2281ECEC1D951CF7005FF871 /* Debug */,
				2281ECED1D951CF7005FF871 /* Release */,
			);
			defaultConfigurationIsVisible = 0;
			defaultConfigurationName = Release;
		};
/* End XCConfigurationList section */
	};
	rootObject = 2281ECB01D951CF7005FF871 /* Project object */;
}
